// !$*UTF8*$!
{
	archiveVersion = 1;
	classes = {
	};
	objectVersion = 55;
	objects = {

/* Begin PBXBuildFile section */
		89647E75271B6FD600986CE9 /* Mobile2YouApp.swift in Sources */ = {isa = PBXBuildFile; fileRef = 89647E74271B6FD600986CE9 /* Mobile2YouApp.swift */; };
		89647E77271B6FD600986CE9 /* ContentView.swift in Sources */ = {isa = PBXBuildFile; fileRef = 89647E76271B6FD600986CE9 /* ContentView.swift */; };
		89647E79271B6FD800986CE9 /* Assets.xcassets in Resources */ = {isa = PBXBuildFile; fileRef = 89647E78271B6FD800986CE9 /* Assets.xcassets */; };
		89647E7C271B6FD800986CE9 /* Preview Assets.xcassets in Resources */ = {isa = PBXBuildFile; fileRef = 89647E7B271B6FD800986CE9 /* Preview Assets.xcassets */; };
		89647E7E271B6FD800986CE9 /* Persistence.swift in Sources */ = {isa = PBXBuildFile; fileRef = 89647E7D271B6FD800986CE9 /* Persistence.swift */; };
		89647E81271B6FD800986CE9 /* Mobile2You.xcdatamodeld in Sources */ = {isa = PBXBuildFile; fileRef = 89647E7F271B6FD800986CE9 /* Mobile2You.xcdatamodeld */; };
		89647E8A271B70FD00986CE9 /* MovieViewModel.swift in Sources */ = {isa = PBXBuildFile; fileRef = 89647E89271B70FD00986CE9 /* MovieViewModel.swift */; };
		89C28ACB271C66D100051A8C /* MovieInfo.swift in Sources */ = {isa = PBXBuildFile; fileRef = 89C28ACA271C66D100051A8C /* MovieInfo.swift */; };
		89C28ACD271C66E400051A8C /* MovieCard.swift in Sources */ = {isa = PBXBuildFile; fileRef = 89C28ACC271C66E400051A8C /* MovieCard.swift */; };
		89C28ACF271C670200051A8C /* Movie.swift in Sources */ = {isa = PBXBuildFile; fileRef = 89C28ACE271C670200051A8C /* Movie.swift */; };
		89C28AD1271C671D00051A8C /* MovieSimilar.swift in Sources */ = {isa = PBXBuildFile; fileRef = 89C28AD0271C671D00051A8C /* MovieSimilar.swift */; };
		89C28AD4271C673A00051A8C /* Extensions.swift in Sources */ = {isa = PBXBuildFile; fileRef = 89C28AD3271C673A00051A8C /* Extensions.swift */; };
/* End PBXBuildFile section */

/* Begin PBXFileReference section */
		89647E71271B6FD600986CE9 /* Mobile2You.app */ = {isa = PBXFileReference; explicitFileType = wrapper.application; includeInIndex = 0; path = Mobile2You.app; sourceTree = BUILT_PRODUCTS_DIR; };
		89647E74271B6FD600986CE9 /* Mobile2YouApp.swift */ = {isa = PBXFileReference; lastKnownFileType = sourcecode.swift; path = Mobile2YouApp.swift; sourceTree = "<group>"; };
		89647E76271B6FD600986CE9 /* ContentView.swift */ = {isa = PBXFileReference; lastKnownFileType = sourcecode.swift; path = ContentView.swift; sourceTree = "<group>"; };
		89647E78271B6FD800986CE9 /* Assets.xcassets */ = {isa = PBXFileReference; lastKnownFileType = folder.assetcatalog; path = Assets.xcassets; sourceTree = "<group>"; };
		89647E7B271B6FD800986CE9 /* Preview Assets.xcassets */ = {isa = PBXFileReference; lastKnownFileType = folder.assetcatalog; path = "Preview Assets.xcassets"; sourceTree = "<group>"; };
		89647E7D271B6FD800986CE9 /* Persistence.swift */ = {isa = PBXFileReference; lastKnownFileType = sourcecode.swift; path = Persistence.swift; sourceTree = "<group>"; };
		89647E80271B6FD800986CE9 /* Mobile2You.xcdatamodel */ = {isa = PBXFileReference; lastKnownFileType = wrapper.xcdatamodel; path = Mobile2You.xcdatamodel; sourceTree = "<group>"; };
		89647E87271B6FF900986CE9 /* README.md */ = {isa = PBXFileReference; lastKnownFileType = net.daringfireball.markdown; path = README.md; sourceTree = "<group>"; };
		89647E89271B70FD00986CE9 /* MovieViewModel.swift */ = {isa = PBXFileReference; lastKnownFileType = sourcecode.swift; path = MovieViewModel.swift; sourceTree = "<group>"; };
		89C28ACA271C66D100051A8C /* MovieInfo.swift */ = {isa = PBXFileReference; lastKnownFileType = sourcecode.swift; path = MovieInfo.swift; sourceTree = "<group>"; };
		89C28ACC271C66E400051A8C /* MovieCard.swift */ = {isa = PBXFileReference; lastKnownFileType = sourcecode.swift; path = MovieCard.swift; sourceTree = "<group>"; };
		89C28ACE271C670200051A8C /* Movie.swift */ = {isa = PBXFileReference; lastKnownFileType = sourcecode.swift; path = Movie.swift; sourceTree = "<group>"; };
		89C28AD0271C671D00051A8C /* MovieSimilar.swift */ = {isa = PBXFileReference; lastKnownFileType = sourcecode.swift; path = MovieSimilar.swift; sourceTree = "<group>"; };
		89C28AD3271C673A00051A8C /* Extensions.swift */ = {isa = PBXFileReference; lastKnownFileType = sourcecode.swift; path = Extensions.swift; sourceTree = "<group>"; };
/* End PBXFileReference section */

/* Begin PBXFrameworksBuildPhase section */
		89647E6E271B6FD600986CE9 /* Frameworks */ = {
			isa = PBXFrameworksBuildPhase;
			buildActionMask = 2147483647;
			files = (
			);
			runOnlyForDeploymentPostprocessing = 0;
		};
/* End PBXFrameworksBuildPhase section */

/* Begin PBXGroup section */
		89647E68271B6FD600986CE9 = {
			isa = PBXGroup;
			children = (
				89647E87271B6FF900986CE9 /* README.md */,
				89647E73271B6FD600986CE9 /* Mobile2You */,
				89647E72271B6FD600986CE9 /* Products */,
			);
			sourceTree = "<group>";
		};
		89647E72271B6FD600986CE9 /* Products */ = {
			isa = PBXGroup;
			children = (
				89647E71271B6FD600986CE9 /* Mobile2You.app */,
			);
			name = Products;
			sourceTree = "<group>";
		};
		89647E73271B6FD600986CE9 /* Mobile2You */ = {
			isa = PBXGroup;
			children = (
				89C28AD2271C673100051A8C /* Utils */,
				89C28AC9271C66BF00051A8C /* ViewModel */,
				89C28AC8271C667E00051A8C /* View */,
				89647E88271B70DD00986CE9 /* Model */,
				89647E74271B6FD600986CE9 /* Mobile2YouApp.swift */,
				89647E78271B6FD800986CE9 /* Assets.xcassets */,
				89647E7D271B6FD800986CE9 /* Persistence.swift */,
				89647E7F271B6FD800986CE9 /* Mobile2You.xcdatamodeld */,
				89647E7A271B6FD800986CE9 /* Preview Content */,
			);
			path = Mobile2You;
			sourceTree = "<group>";
		};
		89647E7A271B6FD800986CE9 /* Preview Content */ = {
			isa = PBXGroup;
			children = (
				89647E7B271B6FD800986CE9 /* Preview Assets.xcassets */,
			);
			path = "Preview Content";
			sourceTree = "<group>";
		};
		89647E88271B70DD00986CE9 /* Model */ = {
			isa = PBXGroup;
			children = (
				89647E89271B70FD00986CE9 /* MovieViewModel.swift */,
				89C28ACE271C670200051A8C /* Movie.swift */,
				89C28AD0271C671D00051A8C /* MovieSimilar.swift */,
			);
			path = Model;
			sourceTree = "<group>";
		};
		89C28AC8271C667E00051A8C /* View */ = {
			isa = PBXGroup;
			children = (
				89647E76271B6FD600986CE9 /* ContentView.swift */,
			);
			path = View;
			sourceTree = "<group>";
		};
		89C28AC9271C66BF00051A8C /* ViewModel */ = {
			isa = PBXGroup;
			children = (
				89C28ACA271C66D100051A8C /* MovieInfo.swift */,
				89C28ACC271C66E400051A8C /* MovieCard.swift */,
			);
			path = ViewModel;
			sourceTree = "<group>";
		};
		89C28AD2271C673100051A8C /* Utils */ = {
			isa = PBXGroup;
			children = (
				89C28AD3271C673A00051A8C /* Extensions.swift */,
			);
			path = Utils;
			sourceTree = "<group>";
		};
/* End PBXGroup section */

/* Begin PBXNativeTarget section */
		89647E70271B6FD600986CE9 /* Mobile2You */ = {
			isa = PBXNativeTarget;
			buildConfigurationList = 89647E84271B6FD800986CE9 /* Build configuration list for PBXNativeTarget "Mobile2You" */;
			buildPhases = (
				89647E6D271B6FD600986CE9 /* Sources */,
				89647E6E271B6FD600986CE9 /* Frameworks */,
				89647E6F271B6FD600986CE9 /* Resources */,
			);
			buildRules = (
			);
			dependencies = (
			);
			name = Mobile2You;
			productName = Mobile2You;
			productReference = 89647E71271B6FD600986CE9 /* Mobile2You.app */;
			productType = "com.apple.product-type.application";
		};
/* End PBXNativeTarget section */

/* Begin PBXProject section */
		89647E69271B6FD600986CE9 /* Project object */ = {
			isa = PBXProject;
			attributes = {
				BuildIndependentTargetsInParallel = 1;
				LastSwiftUpdateCheck = 1300;
				LastUpgradeCheck = 1300;
				TargetAttributes = {
					89647E70271B6FD600986CE9 = {
						CreatedOnToolsVersion = 13.0;
					};
				};
			};
			buildConfigurationList = 89647E6C271B6FD600986CE9 /* Build configuration list for PBXProject "Mobile2You" */;
			compatibilityVersion = "Xcode 13.0";
			developmentRegion = en;
			hasScannedForEncodings = 0;
			knownRegions = (
				en,
				Base,
			);
			mainGroup = 89647E68271B6FD600986CE9;
			productRefGroup = 89647E72271B6FD600986CE9 /* Products */;
			projectDirPath = "";
			projectRoot = "";
			targets = (
				89647E70271B6FD600986CE9 /* Mobile2You */,
			);
		};
/* End PBXProject section */

/* Begin PBXResourcesBuildPhase section */
		89647E6F271B6FD600986CE9 /* Resources */ = {
			isa = PBXResourcesBuildPhase;
			buildActionMask = 2147483647;
			files = (
				89647E7C271B6FD800986CE9 /* Preview Assets.xcassets in Resources */,
				89647E79271B6FD800986CE9 /* Assets.xcassets in Resources */,
			);
			runOnlyForDeploymentPostprocessing = 0;
		};
/* End PBXResourcesBuildPhase section */

/* Begin PBXSourcesBuildPhase section */
		89647E6D271B6FD600986CE9 /* Sources */ = {
			isa = PBXSourcesBuildPhase;
			buildActionMask = 2147483647;
			files = (
				89C28AD1271C671D00051A8C /* MovieSimilar.swift in Sources */,
				89647E7E271B6FD800986CE9 /* Persistence.swift in Sources */,
				89647E8A271B70FD00986CE9 /* MovieViewModel.swift in Sources */,
				89647E77271B6FD600986CE9 /* ContentView.swift in Sources */,
				89C28ACD271C66E400051A8C /* MovieCard.swift in Sources */,
				89C28AD4271C673A00051A8C /* Extensions.swift in Sources */,
				89647E81271B6FD800986CE9 /* Mobile2You.xcdatamodeld in Sources */,
				89C28ACB271C66D100051A8C /* MovieInfo.swift in Sources */,
				89C28ACF271C670200051A8C /* Movie.swift in Sources */,
				89647E75271B6FD600986CE9 /* Mobile2YouApp.swift in Sources */,
			);
			runOnlyForDeploymentPostprocessing = 0;
		};
/* End PBXSourcesBuildPhase section */

/* Begin XCBuildConfiguration section */
		89647E82271B6FD800986CE9 /* Debug */ = {
			isa = XCBuildConfiguration;
			buildSettings = {
				ALWAYS_SEARCH_USER_PATHS = NO;
				CLANG_ANALYZER_NONNULL = YES;
				CLANG_ANALYZER_NUMBER_OBJECT_CONVERSION = YES_AGGRESSIVE;
				CLANG_CXX_LANGUAGE_STANDARD = "gnu++17";
				CLANG_CXX_LIBRARY = "libc++";
				CLANG_ENABLE_MODULES = YES;
				CLANG_ENABLE_OBJC_ARC = YES;
				CLANG_ENABLE_OBJC_WEAK = YES;
				CLANG_WARN_BLOCK_CAPTURE_AUTORELEASING = YES;
				CLANG_WARN_BOOL_CONVERSION = YES;
				CLANG_WARN_COMMA = YES;
				CLANG_WARN_CONSTANT_CONVERSION = YES;
				CLANG_WARN_DEPRECATED_OBJC_IMPLEMENTATIONS = YES;
				CLANG_WARN_DIRECT_OBJC_ISA_USAGE = YES_ERROR;
				CLANG_WARN_DOCUMENTATION_COMMENTS = YES;
				CLANG_WARN_EMPTY_BODY = YES;
				CLANG_WARN_ENUM_CONVERSION = YES;
				CLANG_WARN_INFINITE_RECURSION = YES;
				CLANG_WARN_INT_CONVERSION = YES;
				CLANG_WARN_NON_LITERAL_NULL_CONVERSION = YES;
				CLANG_WARN_OBJC_IMPLICIT_RETAIN_SELF = YES;
				CLANG_WARN_OBJC_LITERAL_CONVERSION = YES;
				CLANG_WARN_OBJC_ROOT_CLASS = YES_ERROR;
				CLANG_WARN_QUOTED_INCLUDE_IN_FRAMEWORK_HEADER = YES;
				CLANG_WARN_RANGE_LOOP_ANALYSIS = YES;
				CLANG_WARN_STRICT_PROTOTYPES = YES;
				CLANG_WARN_SUSPICIOUS_MOVE = YES;
				CLANG_WARN_UNGUARDED_AVAILABILITY = YES_AGGRESSIVE;
				CLANG_WARN_UNREACHABLE_CODE = YES;
				CLANG_WARN__DUPLICATE_METHOD_MATCH = YES;
				COPY_PHASE_STRIP = NO;
				DEBUG_INFORMATION_FORMAT = dwarf;
				ENABLE_STRICT_OBJC_MSGSEND = YES;
				ENABLE_TESTABILITY = YES;
				GCC_C_LANGUAGE_STANDARD = gnu11;
				GCC_DYNAMIC_NO_PIC = NO;
				GCC_NO_COMMON_BLOCKS = YES;
				GCC_OPTIMIZATION_LEVEL = 0;
				GCC_PREPROCESSOR_DEFINITIONS = (
					"DEBUG=1",
					"$(inherited)",
				);
				GCC_WARN_64_TO_32_BIT_CONVERSION = YES;
				GCC_WARN_ABOUT_RETURN_TYPE = YES_ERROR;
				GCC_WARN_UNDECLARED_SELECTOR = YES;
				GCC_WARN_UNINITIALIZED_AUTOS = YES_AGGRESSIVE;
				GCC_WARN_UNUSED_FUNCTION = YES;
				GCC_WARN_UNUSED_VARIABLE = YES;
				IPHONEOS_DEPLOYMENT_TARGET = 15.0;
				MTL_ENABLE_DEBUG_INFO = INCLUDE_SOURCE;
				MTL_FAST_MATH = YES;
				ONLY_ACTIVE_ARCH = YES;
				SDKROOT = iphoneos;
				SWIFT_ACTIVE_COMPILATION_CONDITIONS = DEBUG;
				SWIFT_OPTIMIZATION_LEVEL = "-Onone";
			};
			name = Debug;
		};
		89647E83271B6FD800986CE9 /* Release */ = {
			isa = XCBuildConfiguration;
			buildSettings = {
				ALWAYS_SEARCH_USER_PATHS = NO;
				CLANG_ANALYZER_NONNULL = YES;
				CLANG_ANALYZER_NUMBER_OBJECT_CONVERSION = YES_AGGRESSIVE;
				CLANG_CXX_LANGUAGE_STANDARD = "gnu++17";
				CLANG_CXX_LIBRARY = "libc++";
				CLANG_ENABLE_MODULES = YES;
				CLANG_ENABLE_OBJC_ARC = YES;
				CLANG_ENABLE_OBJC_WEAK = YES;
				CLANG_WARN_BLOCK_CAPTURE_AUTORELEASING = YES;
				CLANG_WARN_BOOL_CONVERSION = YES;
				CLANG_WARN_COMMA = YES;
				CLANG_WARN_CONSTANT_CONVERSION = YES;
				CLANG_WARN_DEPRECATED_OBJC_IMPLEMENTATIONS = YES;
				CLANG_WARN_DIRECT_OBJC_ISA_USAGE = YES_ERROR;
				CLANG_WARN_DOCUMENTATION_COMMENTS = YES;
				CLANG_WARN_EMPTY_BODY = YES;
				CLANG_WARN_ENUM_CONVERSION = YES;
				CLANG_WARN_INFINITE_RECURSION = YES;
				CLANG_WARN_INT_CONVERSION = YES;
				CLANG_WARN_NON_LITERAL_NULL_CONVERSION = YES;
				CLANG_WARN_OBJC_IMPLICIT_RETAIN_SELF = YES;
				CLANG_WARN_OBJC_LITERAL_CONVERSION = YES;
				CLANG_WARN_OBJC_ROOT_CLASS = YES_ERROR;
				CLANG_WARN_QUOTED_INCLUDE_IN_FRAMEWORK_HEADER = YES;
				CLANG_WARN_RANGE_LOOP_ANALYSIS = YES;
				CLANG_WARN_STRICT_PROTOTYPES = YES;
				CLANG_WARN_SUSPICIOUS_MOVE = YES;
				CLANG_WARN_UNGUARDED_AVAILABILITY = YES_AGGRESSIVE;
				CLANG_WARN_UNREACHABLE_CODE = YES;
				CLANG_WARN__DUPLICATE_METHOD_MATCH = YES;
				COPY_PHASE_STRIP = NO;
				DEBUG_INFORMATION_FORMAT = "dwarf-with-dsym";
				ENABLE_NS_ASSERTIONS = NO;
				ENABLE_STRICT_OBJC_MSGSEND = YES;
				GCC_C_LANGUAGE_STANDARD = gnu11;
				GCC_NO_COMMON_BLOCKS = YES;
				GCC_WARN_64_TO_32_BIT_CONVERSION = YES;
				GCC_WARN_ABOUT_RETURN_TYPE = YES_ERROR;
				GCC_WARN_UNDECLARED_SELECTOR = YES;
				GCC_WARN_UNINITIALIZED_AUTOS = YES_AGGRESSIVE;
				GCC_WARN_UNUSED_FUNCTION = YES;
				GCC_WARN_UNUSED_VARIABLE = YES;
				IPHONEOS_DEPLOYMENT_TARGET = 15.0;
				MTL_ENABLE_DEBUG_INFO = NO;
				MTL_FAST_MATH = YES;
				SDKROOT = iphoneos;
				SWIFT_COMPILATION_MODE = wholemodule;
				SWIFT_OPTIMIZATION_LEVEL = "-O";
				VALIDATE_PRODUCT = YES;
			};
			name = Release;
		};
		89647E85271B6FD800986CE9 /* Debug */ = {
			isa = XCBuildConfiguration;
			buildSettings = {
				ASSETCATALOG_COMPILER_APPICON_NAME = AppIcon;
				ASSETCATALOG_COMPILER_GLOBAL_ACCENT_COLOR_NAME = AccentColor;
				CODE_SIGN_STYLE = Automatic;
				CURRENT_PROJECT_VERSION = 1;
				DEVELOPMENT_ASSET_PATHS = "\"Mobile2You/Preview Content\"";
				DEVELOPMENT_TEAM = 85P7WJL6X8;
				ENABLE_PREVIEWS = YES;
				GENERATE_INFOPLIST_FILE = YES;
				INFOPLIST_KEY_UIApplicationSceneManifest_Generation = YES;
				INFOPLIST_KEY_UIApplicationSupportsIndirectInputEvents = YES;
				INFOPLIST_KEY_UILaunchScreen_Generation = YES;
				INFOPLIST_KEY_UISupportedInterfaceOrientations_iPad = "UIInterfaceOrientationPortrait UIInterfaceOrientationPortraitUpsideDown UIInterfaceOrientationLandscapeLeft UIInterfaceOrientationLandscapeRight";
				INFOPLIST_KEY_UISupportedInterfaceOrientations_iPhone = "UIInterfaceOrientationPortrait UIInterfaceOrientationLandscapeLeft UIInterfaceOrientationLandscapeRight";
				IPHONEOS_DEPLOYMENT_TARGET = 14.0;
				LD_RUNPATH_SEARCH_PATHS = (
					"$(inherited)",
					"@executable_path/Frameworks",
				);
				MARKETING_VERSION = 1.0;
				PRODUCT_BUNDLE_IDENTIFIER = net.rychillie.Mobile2You;
				PRODUCT_NAME = "$(TARGET_NAME)";
				SWIFT_EMIT_LOC_STRINGS = YES;
				SWIFT_VERSION = 5.0;
				TARGETED_DEVICE_FAMILY = "1,2";
			};
			name = Debug;
		};
		89647E86271B6FD800986CE9 /* Release */ = {
			isa = XCBuildConfiguration;
			buildSettings = {
				ASSETCATALOG_COMPILER_APPICON_NAME = AppIcon;
				ASSETCATALOG_COMPILER_GLOBAL_ACCENT_COLOR_NAME = AccentColor;
				CODE_SIGN_STYLE = Automatic;
				CURRENT_PROJECT_VERSION = 1;
				DEVELOPMENT_ASSET_PATHS = "\"Mobile2You/Preview Content\"";
				DEVELOPMENT_TEAM = 85P7WJL6X8;
				ENABLE_PREVIEWS = YES;
				GENERATE_INFOPLIST_FILE = YES;
				INFOPLIST_KEY_UIApplicationSceneManifest_Generation = YES;
				INFOPLIST_KEY_UIApplicationSupportsIndirectInputEvents = YES;
				INFOPLIST_KEY_UILaunchScreen_Generation = YES;
				INFOPLIST_KEY_UISupportedInterfaceOrientations_iPad = "UIInterfaceOrientationPortrait UIInterfaceOrientationPortraitUpsideDown UIInterfaceOrientationLandscapeLeft UIInterfaceOrientationLandscapeRight";
				INFOPLIST_KEY_UISupportedInterfaceOrientations_iPhone = "UIInterfaceOrientationPortrait UIInterfaceOrientationLandscapeLeft UIInterfaceOrientationLandscapeRight";
				IPHONEOS_DEPLOYMENT_TARGET = 14.0;
				LD_RUNPATH_SEARCH_PATHS = (
					"$(inherited)",
					"@executable_path/Frameworks",
				);
				MARKETING_VERSION = 1.0;
				PRODUCT_BUNDLE_IDENTIFIER = net.rychillie.Mobile2You;
				PRODUCT_NAME = "$(TARGET_NAME)";
				SWIFT_EMIT_LOC_STRINGS = YES;
				SWIFT_VERSION = 5.0;
				TARGETED_DEVICE_FAMILY = "1,2";
			};
			name = Release;
		};
/* End XCBuildConfiguration section */

/* Begin XCConfigurationList section */
		89647E6C271B6FD600986CE9 /* Build configuration list for PBXProject "Mobile2You" */ = {
			isa = XCConfigurationList;
			buildConfigurations = (
				89647E82271B6FD800986CE9 /* Debug */,
				89647E83271B6FD800986CE9 /* Release */,
			);
			defaultConfigurationIsVisible = 0;
			defaultConfigurationName = Release;
		};
		89647E84271B6FD800986CE9 /* Build configuration list for PBXNativeTarget "Mobile2You" */ = {
			isa = XCConfigurationList;
			buildConfigurations = (
				89647E85271B6FD800986CE9 /* Debug */,
				89647E86271B6FD800986CE9 /* Release */,
			);
			defaultConfigurationIsVisible = 0;
			defaultConfigurationName = Release;
		};
/* End XCConfigurationList section */

/* Begin XCVersionGroup section */
		89647E7F271B6FD800986CE9 /* Mobile2You.xcdatamodeld */ = {
			isa = XCVersionGroup;
			children = (
				89647E80271B6FD800986CE9 /* Mobile2You.xcdatamodel */,
			);
			currentVersion = 89647E80271B6FD800986CE9 /* Mobile2You.xcdatamodel */;
			path = Mobile2You.xcdatamodeld;
			sourceTree = "<group>";
			versionGroupType = wrapper.xcdatamodel;
		};
/* End XCVersionGroup section */
	};
	rootObject = 89647E69271B6FD600986CE9 /* Project object */;
}
